{
    "version": 3,
    "terraform_version": "0.11.8",
    "serial": 26,
    "lineage": "2ddc3e1e-8d19-4a58-2e16-9b2ff51a6a28",
    "modules": [
        {
            "path": [
                "root"
            ],
            "outputs": {},
            "resources": {
                "google_compute_firewall.allow_ssh": {
                    "type": "google_compute_firewall",
                    "depends_on": [
                        "google_project.xpn_host_project",
                        "module.shared-vpc"
                    ],
                    "primary": {
                        "id": "allow-ssh",
                        "attributes": {
                            "allow.#": "1",
                            "allow.803338340.ports.#": "1",
                            "allow.803338340.ports.0": "22",
                            "allow.803338340.protocol": "tcp",
                            "creation_timestamp": "2018-12-20T12:07:04.899-08:00",
                            "deny.#": "0",
                            "description": "",
                            "destination_ranges.#": "0",
                            "direction": "INGRESS",
                            "disabled": "false",
                            "enable_logging": "false",
                            "id": "allow-ssh",
                            "name": "allow-ssh",
                            "network": "https://www.googleapis.com/compute/v1/projects/reechar-3t-demo-xpn/global/networks/shared-vpc-host",
                            "priority": "1000",
                            "project": "reechar-3t-demo-xpn",
                            "self_link": "https://www.googleapis.com/compute/v1/projects/reechar-3t-demo-xpn/global/firewalls/allow-ssh",
                            "source_ranges.#": "1",
                            "source_ranges.1080289494": "0.0.0.0/0",
                            "source_service_accounts.#": "0",
                            "source_tags.#": "0",
                            "target_service_accounts.#": "0",
                            "target_tags.#": "0"
                        },
                        "meta": {
                            "e2bfb730-ecaa-11e6-8f88-34363bc7c4c0": {
                                "create": 240000000000,
                                "delete": 240000000000,
                                "update": 240000000000
                            },
                            "schema_version": "1"
                        },
                        "tainted": false
                    },
                    "deposed": [],
                    "provider": "provider.google"
                },
                "google_compute_firewall.guestbook_app_to_db": {
                    "type": "google_compute_firewall",
                    "depends_on": [
                        "google_project.xpn_host_project",
                        "google_service_account.guestbook-app-sa",
                        "google_service_account.guestbook-db-sa",
                        "module.shared-vpc"
                    ],
                    "primary": {
                        "id": "guestbook-allow-app-to-db",
                        "attributes": {
                            "allow.#": "1",
                            "allow.1367131964.ports.#": "0",
                            "allow.1367131964.protocol": "icmp",
                            "creation_timestamp": "2018-12-20T12:25:26.005-08:00",
                            "deny.#": "0",
                            "description": "",
                            "destination_ranges.#": "0",
                            "direction": "INGRESS",
                            "disabled": "false",
                            "enable_logging": "false",
                            "id": "guestbook-allow-app-to-db",
                            "name": "guestbook-allow-app-to-db",
                            "network": "https://www.googleapis.com/compute/v1/projects/reechar-3t-demo-xpn/global/networks/shared-vpc-host",
                            "priority": "1000",
                            "project": "reechar-3t-demo-xpn",
                            "self_link": "https://www.googleapis.com/compute/v1/projects/reechar-3t-demo-xpn/global/firewalls/guestbook-allow-app-to-db",
                            "source_ranges.#": "0",
                            "source_service_accounts.#": "1",
                            "source_service_accounts.3147893155": "guestbook-app@reechar-3t-demo-guestbook.iam.gserviceaccount.com",
                            "source_tags.#": "0",
                            "target_service_accounts.#": "1",
                            "target_service_accounts.3854058410": "guestbook-db@reechar-3t-demo-guestbook.iam.gserviceaccount.com",
                            "target_tags.#": "0"
                        },
                        "meta": {
                            "e2bfb730-ecaa-11e6-8f88-34363bc7c4c0": {
                                "create": 240000000000,
                                "delete": 240000000000,
                                "update": 240000000000
                            },
                            "schema_version": "1"
                        },
                        "tainted": false
                    },
                    "deposed": [],
                    "provider": "provider.google"
                },
                "google_compute_firewall.guestbook_web_to_app": {
                    "type": "google_compute_firewall",
                    "depends_on": [
                        "google_project.xpn_host_project",
                        "google_service_account.guestbook-app-sa",
                        "google_service_account.guestbook-web-sa",
                        "module.shared-vpc"
                    ],
                    "primary": {
                        "id": "guestbook-allow-web-to-app",
                        "attributes": {
                            "allow.#": "1",
                            "allow.1367131964.ports.#": "0",
                            "allow.1367131964.protocol": "icmp",
                            "creation_timestamp": "2018-12-20T12:25:36.914-08:00",
                            "deny.#": "0",
                            "description": "",
                            "destination_ranges.#": "0",
                            "direction": "INGRESS",
                            "disabled": "false",
                            "enable_logging": "false",
                            "id": "guestbook-allow-web-to-app",
                            "name": "guestbook-allow-web-to-app",
                            "network": "https://www.googleapis.com/compute/v1/projects/reechar-3t-demo-xpn/global/networks/shared-vpc-host",
                            "priority": "1000",
                            "project": "reechar-3t-demo-xpn",
                            "self_link": "https://www.googleapis.com/compute/v1/projects/reechar-3t-demo-xpn/global/firewalls/guestbook-allow-web-to-app",
                            "source_ranges.#": "0",
                            "source_service_accounts.#": "1",
                            "source_service_accounts.2202043905": "guestbook-web@reechar-3t-demo-guestbook.iam.gserviceaccount.com",
                            "source_tags.#": "0",
                            "target_service_accounts.#": "1",
                            "target_service_accounts.3147893155": "guestbook-app@reechar-3t-demo-guestbook.iam.gserviceaccount.com",
                            "target_tags.#": "0"
                        },
                        "meta": {
                            "e2bfb730-ecaa-11e6-8f88-34363bc7c4c0": {
                                "create": 240000000000,
                                "delete": 240000000000,
                                "update": 240000000000
                            },
                            "schema_version": "1"
                        },
                        "tainted": false
                    },
                    "deposed": [],
                    "provider": "provider.google"
                },
                "google_compute_firewall.todo_app_to_db": {
                    "type": "google_compute_firewall",
                    "depends_on": [
                        "google_project.xpn_host_project",
                        "google_service_account.todo-app-sa",
                        "google_service_account.todo-db-sa",
                        "module.shared-vpc"
                    ],
                    "primary": {
                        "id": "todo-allow-app-to-db",
                        "attributes": {
                            "allow.#": "1",
                            "allow.1367131964.ports.#": "0",
                            "allow.1367131964.protocol": "icmp",
                            "creation_timestamp": "2018-12-20T13:03:51.550-08:00",
                            "deny.#": "0",
                            "description": "",
                            "destination_ranges.#": "0",
                            "direction": "INGRESS",
                            "disabled": "false",
                            "enable_logging": "false",
                            "id": "todo-allow-app-to-db",
                            "name": "todo-allow-app-to-db",
                            "network": "https://www.googleapis.com/compute/v1/projects/reechar-3t-demo-xpn/global/networks/shared-vpc-host",
                            "priority": "1000",
                            "project": "reechar-3t-demo-xpn",
                            "self_link": "https://www.googleapis.com/compute/v1/projects/reechar-3t-demo-xpn/global/firewalls/todo-allow-app-to-db",
                            "source_ranges.#": "0",
                            "source_service_accounts.#": "1",
                            "source_service_accounts.3106328087": "todo-app@reechar-3t-demo-todo.iam.gserviceaccount.com",
                            "source_tags.#": "0",
                            "target_service_accounts.#": "1",
                            "target_service_accounts.2340460549": "todo-db@reechar-3t-demo-todo.iam.gserviceaccount.com",
                            "target_tags.#": "0"
                        },
                        "meta": {
                            "e2bfb730-ecaa-11e6-8f88-34363bc7c4c0": {
                                "create": 240000000000,
                                "delete": 240000000000,
                                "update": 240000000000
                            },
                            "schema_version": "1"
                        },
                        "tainted": false
                    },
                    "deposed": [],
                    "provider": "provider.google"
                },
                "google_compute_firewall.todo_web_to_app": {
                    "type": "google_compute_firewall",
                    "depends_on": [
                        "google_project.xpn_host_project",
                        "google_service_account.todo-app-sa",
                        "google_service_account.todo-web-sa",
                        "module.shared-vpc"
                    ],
                    "primary": {
                        "id": "todo-allow-web-to-app",
                        "attributes": {
                            "allow.#": "1",
                            "allow.1367131964.ports.#": "0",
                            "allow.1367131964.protocol": "icmp",
                            "creation_timestamp": "2018-12-20T13:03:51.528-08:00",
                            "deny.#": "0",
                            "description": "",
                            "destination_ranges.#": "0",
                            "direction": "INGRESS",
                            "disabled": "false",
                            "enable_logging": "false",
                            "id": "todo-allow-web-to-app",
                            "name": "todo-allow-web-to-app",
                            "network": "https://www.googleapis.com/compute/v1/projects/reechar-3t-demo-xpn/global/networks/shared-vpc-host",
                            "priority": "1000",
                            "project": "reechar-3t-demo-xpn",
                            "self_link": "https://www.googleapis.com/compute/v1/projects/reechar-3t-demo-xpn/global/firewalls/todo-allow-web-to-app",
                            "source_ranges.#": "0",
                            "source_service_accounts.#": "1",
                            "source_service_accounts.24738602": "todo-web@reechar-3t-demo-todo.iam.gserviceaccount.com",
                            "source_tags.#": "0",
                            "target_service_accounts.#": "1",
                            "target_service_accounts.3106328087": "todo-app@reechar-3t-demo-todo.iam.gserviceaccount.com",
                            "target_tags.#": "0"
                        },
                        "meta": {
                            "e2bfb730-ecaa-11e6-8f88-34363bc7c4c0": {
                                "create": 240000000000,
                                "delete": 240000000000,
                                "update": 240000000000
                            },
                            "schema_version": "1"
                        },
                        "tainted": false
                    },
                    "deposed": [],
                    "provider": "provider.google"
                },
                "google_compute_instance.guestbook_app": {
                    "type": "google_compute_instance",
                    "depends_on": [
                        "google_project.demo_guestbook_project",
                        "google_service_account.guestbook-app-sa"
                    ],
                    "primary": {
                        "id": "guestbook-app",
                        "attributes": {
                            "attached_disk.#": "0",
                            "boot_disk.#": "1",
                            "boot_disk.0.auto_delete": "true",
                            "boot_disk.0.device_name": "persistent-disk-0",
                            "boot_disk.0.disk_encryption_key_raw": "",
                            "boot_disk.0.disk_encryption_key_sha256": "",
                            "boot_disk.0.initialize_params.#": "1",
                            "boot_disk.0.initialize_params.0.image": "https://www.googleapis.com/compute/v1/projects/debian-cloud/global/images/debian-9-stretch-v20181210",
                            "boot_disk.0.initialize_params.0.size": "10",
                            "boot_disk.0.initialize_params.0.type": "pd-standard",
                            "boot_disk.0.source": "https://www.googleapis.com/compute/v1/projects/reechar-3t-demo-guestbook/zones/us-east1-b/disks/guestbook-app",
                            "can_ip_forward": "false",
                            "cpu_platform": "Intel Haswell",
                            "create_timeout": "4",
                            "deletion_protection": "false",
                            "guest_accelerator.#": "0",
                            "id": "guestbook-app",
                            "instance_id": "9139350706232643375",
                            "label_fingerprint": "42WmSpB8rSM=",
                            "labels.%": "0",
                            "machine_type": "n1-standard-1",
                            "metadata.%": "0",
                            "metadata_fingerprint": "IOZZRPWYRuo=",
                            "metadata_startup_script": "",
                            "min_cpu_platform": "",
                            "name": "guestbook-app",
                            "network_interface.#": "1",
                            "network_interface.0.access_config.#": "1",
                            "network_interface.0.access_config.0.assigned_nat_ip": "35.229.127.214",
                            "network_interface.0.access_config.0.nat_ip": "35.229.127.214",
                            "network_interface.0.access_config.0.network_tier": "PREMIUM",
                            "network_interface.0.access_config.0.public_ptr_domain_name": "",
                            "network_interface.0.address": "10.10.20.2",
                            "network_interface.0.alias_ip_range.#": "0",
                            "network_interface.0.name": "nic0",
                            "network_interface.0.network": "https://www.googleapis.com/compute/v1/projects/reechar-3t-demo-xpn/global/networks/shared-vpc-host",
                            "network_interface.0.network_ip": "10.10.20.2",
                            "network_interface.0.subnetwork": "https://www.googleapis.com/compute/v1/projects/reechar-3t-demo-xpn/regions/us-east1/subnetworks/app-tier-subnet",
                            "network_interface.0.subnetwork_project": "reechar-3t-demo-xpn",
                            "project": "reechar-3t-demo-guestbook",
                            "scheduling.#": "1",
                            "scheduling.0.automatic_restart": "false",
                            "scheduling.0.on_host_maintenance": "MIGRATE",
                            "scheduling.0.preemptible": "false",
                            "scratch_disk.#": "0",
                            "self_link": "https://www.googleapis.com/compute/v1/projects/reechar-3t-demo-guestbook/zones/us-east1-b/instances/guestbook-app",
                            "service_account.#": "1",
                            "service_account.0.email": "guestbook-app@reechar-3t-demo-guestbook.iam.gserviceaccount.com",
                            "service_account.0.scopes.#": "1",
                            "service_account.0.scopes.1733087937": "https://www.googleapis.com/auth/cloud-platform",
                            "tags.#": "0",
                            "tags_fingerprint": "42WmSpB8rSM=",
                            "zone": "us-east1-b"
                        },
                        "meta": {
                            "e2bfb730-ecaa-11e6-8f88-34363bc7c4c0": {
                                "create": 360000000000,
                                "delete": 360000000000,
                                "update": 360000000000
                            },
                            "schema_version": "6"
                        },
                        "tainted": false
                    },
                    "deposed": [],
                    "provider": "provider.google"
                },
                "google_compute_instance.guestbook_db": {
                    "type": "google_compute_instance",
                    "depends_on": [
                        "google_project.demo_guestbook_project",
                        "google_service_account.guestbook-db-sa"
                    ],
                    "primary": {
                        "id": "guestbook-db",
                        "attributes": {
                            "attached_disk.#": "0",
                            "boot_disk.#": "1",
                            "boot_disk.0.auto_delete": "true",
                            "boot_disk.0.device_name": "persistent-disk-0",
                            "boot_disk.0.disk_encryption_key_raw": "",
                            "boot_disk.0.disk_encryption_key_sha256": "",
                            "boot_disk.0.initialize_params.#": "1",
                            "boot_disk.0.initialize_params.0.image": "https://www.googleapis.com/compute/v1/projects/debian-cloud/global/images/debian-9-stretch-v20181210",
                            "boot_disk.0.initialize_params.0.size": "10",
                            "boot_disk.0.initialize_params.0.type": "pd-standard",
                            "boot_disk.0.source": "https://www.googleapis.com/compute/v1/projects/reechar-3t-demo-guestbook/zones/us-east1-b/disks/guestbook-db",
                            "can_ip_forward": "false",
                            "cpu_platform": "Intel Haswell",
                            "create_timeout": "4",
                            "deletion_protection": "false",
                            "guest_accelerator.#": "0",
                            "id": "guestbook-db",
                            "instance_id": "450977405133541167",
                            "label_fingerprint": "42WmSpB8rSM=",
                            "labels.%": "0",
                            "machine_type": "n1-standard-1",
                            "metadata.%": "0",
                            "metadata_fingerprint": "IOZZRPWYRuo=",
                            "metadata_startup_script": "",
                            "min_cpu_platform": "",
                            "name": "guestbook-db",
                            "network_interface.#": "1",
                            "network_interface.0.access_config.#": "1",
                            "network_interface.0.access_config.0.assigned_nat_ip": "35.237.66.159",
                            "network_interface.0.access_config.0.nat_ip": "35.237.66.159",
                            "network_interface.0.access_config.0.network_tier": "PREMIUM",
                            "network_interface.0.access_config.0.public_ptr_domain_name": "",
                            "network_interface.0.address": "10.10.30.2",
                            "network_interface.0.alias_ip_range.#": "0",
                            "network_interface.0.name": "nic0",
                            "network_interface.0.network": "https://www.googleapis.com/compute/v1/projects/reechar-3t-demo-xpn/global/networks/shared-vpc-host",
                            "network_interface.0.network_ip": "10.10.30.2",
                            "network_interface.0.subnetwork": "https://www.googleapis.com/compute/v1/projects/reechar-3t-demo-xpn/regions/us-east1/subnetworks/db-tier-subnet",
                            "network_interface.0.subnetwork_project": "reechar-3t-demo-xpn",
                            "project": "reechar-3t-demo-guestbook",
                            "scheduling.#": "1",
                            "scheduling.0.automatic_restart": "false",
                            "scheduling.0.on_host_maintenance": "MIGRATE",
                            "scheduling.0.preemptible": "false",
                            "scratch_disk.#": "0",
                            "self_link": "https://www.googleapis.com/compute/v1/projects/reechar-3t-demo-guestbook/zones/us-east1-b/instances/guestbook-db",
                            "service_account.#": "1",
                            "service_account.0.email": "guestbook-db@reechar-3t-demo-guestbook.iam.gserviceaccount.com",
                            "service_account.0.scopes.#": "1",
                            "service_account.0.scopes.1733087937": "https://www.googleapis.com/auth/cloud-platform",
                            "tags.#": "0",
                            "tags_fingerprint": "42WmSpB8rSM=",
                            "zone": "us-east1-b"
                        },
                        "meta": {
                            "e2bfb730-ecaa-11e6-8f88-34363bc7c4c0": {
                                "create": 360000000000,
                                "delete": 360000000000,
                                "update": 360000000000
                            },
                            "schema_version": "6"
                        },
                        "tainted": false
                    },
                    "deposed": [],
                    "provider": "provider.google"
                },
                "google_compute_instance.guestbook_web": {
                    "type": "google_compute_instance",
                    "depends_on": [
                        "google_project.demo_guestbook_project",
                        "google_service_account.guestbook-web-sa"
                    ],
                    "primary": {
                        "id": "guestbook-web",
                        "attributes": {
                            "attached_disk.#": "0",
                            "boot_disk.#": "1",
                            "boot_disk.0.auto_delete": "true",
                            "boot_disk.0.device_name": "persistent-disk-0",
                            "boot_disk.0.disk_encryption_key_raw": "",
                            "boot_disk.0.disk_encryption_key_sha256": "",
                            "boot_disk.0.initialize_params.#": "1",
                            "boot_disk.0.initialize_params.0.image": "https://www.googleapis.com/compute/v1/projects/debian-cloud/global/images/debian-9-stretch-v20181210",
                            "boot_disk.0.initialize_params.0.size": "10",
                            "boot_disk.0.initialize_params.0.type": "pd-standard",
                            "boot_disk.0.source": "https://www.googleapis.com/compute/v1/projects/reechar-3t-demo-guestbook/zones/us-east1-b/disks/guestbook-web",
                            "can_ip_forward": "false",
                            "cpu_platform": "Intel Haswell",
                            "create_timeout": "4",
                            "deletion_protection": "false",
                            "guest_accelerator.#": "0",
                            "id": "guestbook-web",
                            "instance_id": "123356539585449935",
                            "label_fingerprint": "42WmSpB8rSM=",
                            "labels.%": "0",
                            "machine_type": "n1-standard-1",
                            "metadata.%": "0",
                            "metadata_fingerprint": "IOZZRPWYRuo=",
                            "metadata_startup_script": "",
                            "min_cpu_platform": "",
                            "name": "guestbook-web",
                            "network_interface.#": "1",
                            "network_interface.0.access_config.#": "1",
                            "network_interface.0.access_config.0.assigned_nat_ip": "104.196.37.175",
                            "network_interface.0.access_config.0.nat_ip": "104.196.37.175",
                            "network_interface.0.access_config.0.network_tier": "PREMIUM",
                            "network_interface.0.access_config.0.public_ptr_domain_name": "",
                            "network_interface.0.address": "10.10.10.2",
                            "network_interface.0.alias_ip_range.#": "0",
                            "network_interface.0.name": "nic0",
                            "network_interface.0.network": "https://www.googleapis.com/compute/v1/projects/reechar-3t-demo-xpn/global/networks/shared-vpc-host",
                            "network_interface.0.network_ip": "10.10.10.2",
                            "network_interface.0.subnetwork": "https://www.googleapis.com/compute/v1/projects/reechar-3t-demo-xpn/regions/us-east1/subnetworks/web-tier-subnet",
                            "network_interface.0.subnetwork_project": "reechar-3t-demo-xpn",
                            "project": "reechar-3t-demo-guestbook",
                            "scheduling.#": "1",
                            "scheduling.0.automatic_restart": "false",
                            "scheduling.0.on_host_maintenance": "MIGRATE",
                            "scheduling.0.preemptible": "false",
                            "scratch_disk.#": "0",
                            "self_link": "https://www.googleapis.com/compute/v1/projects/reechar-3t-demo-guestbook/zones/us-east1-b/instances/guestbook-web",
                            "service_account.#": "1",
                            "service_account.0.email": "guestbook-web@reechar-3t-demo-guestbook.iam.gserviceaccount.com",
                            "service_account.0.scopes.#": "1",
                            "service_account.0.scopes.1733087937": "https://www.googleapis.com/auth/cloud-platform",
                            "tags.#": "0",
                            "tags_fingerprint": "42WmSpB8rSM=",
                            "zone": "us-east1-b"
                        },
                        "meta": {
                            "e2bfb730-ecaa-11e6-8f88-34363bc7c4c0": {
                                "create": 360000000000,
                                "delete": 360000000000,
                                "update": 360000000000
                            },
                            "schema_version": "6"
                        },
                        "tainted": false
                    },
                    "deposed": [],
                    "provider": "provider.google"
                },
                "google_compute_instance.todo_app": {
                    "type": "google_compute_instance",
                    "depends_on": [
                        "google_project.demo_todo_project",
                        "google_service_account.todo-app-sa"
                    ],
                    "primary": {
                        "id": "todo-app",
                        "attributes": {
                            "attached_disk.#": "0",
                            "boot_disk.#": "1",
                            "boot_disk.0.auto_delete": "true",
                            "boot_disk.0.device_name": "persistent-disk-0",
                            "boot_disk.0.disk_encryption_key_raw": "",
                            "boot_disk.0.disk_encryption_key_sha256": "",
                            "boot_disk.0.initialize_params.#": "1",
                            "boot_disk.0.initialize_params.0.image": "https://www.googleapis.com/compute/v1/projects/debian-cloud/global/images/debian-9-stretch-v20181210",
                            "boot_disk.0.initialize_params.0.size": "10",
                            "boot_disk.0.initialize_params.0.type": "pd-standard",
                            "boot_disk.0.source": "https://www.googleapis.com/compute/v1/projects/reechar-3t-demo-todo/zones/us-east1-b/disks/todo-app",
                            "can_ip_forward": "false",
                            "cpu_platform": "Intel Haswell",
                            "create_timeout": "4",
                            "deletion_protection": "false",
                            "guest_accelerator.#": "0",
                            "id": "todo-app",
                            "instance_id": "1108150703281520267",
                            "label_fingerprint": "42WmSpB8rSM=",
                            "labels.%": "0",
                            "machine_type": "n1-standard-1",
                            "metadata.%": "0",
                            "metadata_fingerprint": "GI8aAjXJmJk=",
                            "metadata_startup_script": "",
                            "min_cpu_platform": "",
                            "name": "todo-app",
                            "network_interface.#": "1",
                            "network_interface.0.access_config.#": "1",
                            "network_interface.0.access_config.0.assigned_nat_ip": "35.196.95.74",
                            "network_interface.0.access_config.0.nat_ip": "35.196.95.74",
                            "network_interface.0.access_config.0.network_tier": "PREMIUM",
                            "network_interface.0.access_config.0.public_ptr_domain_name": "",
                            "network_interface.0.address": "10.10.20.3",
                            "network_interface.0.alias_ip_range.#": "0",
                            "network_interface.0.name": "nic0",
                            "network_interface.0.network": "https://www.googleapis.com/compute/v1/projects/reechar-3t-demo-xpn/global/networks/shared-vpc-host",
                            "network_interface.0.network_ip": "10.10.20.3",
                            "network_interface.0.subnetwork": "https://www.googleapis.com/compute/v1/projects/reechar-3t-demo-xpn/regions/us-east1/subnetworks/app-tier-subnet",
                            "network_interface.0.subnetwork_project": "reechar-3t-demo-xpn",
                            "project": "reechar-3t-demo-todo",
                            "scheduling.#": "1",
                            "scheduling.0.automatic_restart": "false",
                            "scheduling.0.on_host_maintenance": "MIGRATE",
                            "scheduling.0.preemptible": "false",
                            "scratch_disk.#": "0",
                            "self_link": "https://www.googleapis.com/compute/v1/projects/reechar-3t-demo-todo/zones/us-east1-b/instances/todo-app",
                            "service_account.#": "1",
                            "service_account.0.email": "todo-app@reechar-3t-demo-todo.iam.gserviceaccount.com",
                            "service_account.0.scopes.#": "1",
                            "service_account.0.scopes.1733087937": "https://www.googleapis.com/auth/cloud-platform",
                            "tags.#": "0",
                            "tags_fingerprint": "42WmSpB8rSM=",
                            "zone": "us-east1-b"
                        },
                        "meta": {
                            "e2bfb730-ecaa-11e6-8f88-34363bc7c4c0": {
                                "create": 360000000000,
                                "delete": 360000000000,
                                "update": 360000000000
                            },
                            "schema_version": "6"
                        },
                        "tainted": false
                    },
                    "deposed": [],
                    "provider": "provider.google"
                },
                "google_compute_instance.todo_db": {
                    "type": "google_compute_instance",
                    "depends_on": [
                        "google_project.demo_todo_project",
                        "google_service_account.todo-db-sa"
                    ],
                    "primary": {
                        "id": "todo-db",
                        "attributes": {
                            "attached_disk.#": "0",
                            "boot_disk.#": "1",
                            "boot_disk.0.auto_delete": "true",
                            "boot_disk.0.device_name": "persistent-disk-0",
                            "boot_disk.0.disk_encryption_key_raw": "",
                            "boot_disk.0.disk_encryption_key_sha256": "",
                            "boot_disk.0.initialize_params.#": "1",
                            "boot_disk.0.initialize_params.0.image": "https://www.googleapis.com/compute/v1/projects/debian-cloud/global/images/debian-9-stretch-v20181210",
                            "boot_disk.0.initialize_params.0.size": "10",
                            "boot_disk.0.initialize_params.0.type": "pd-standard",
                            "boot_disk.0.source": "https://www.googleapis.com/compute/v1/projects/reechar-3t-demo-todo/zones/us-east1-b/disks/todo-db",
                            "can_ip_forward": "false",
                            "cpu_platform": "Intel Haswell",
                            "create_timeout": "4",
                            "deletion_protection": "false",
                            "guest_accelerator.#": "0",
                            "id": "todo-db",
                            "instance_id": "9068151852250545803",
                            "label_fingerprint": "42WmSpB8rSM=",
                            "labels.%": "0",
                            "machine_type": "n1-standard-1",
                            "metadata.%": "0",
                            "metadata_fingerprint": "GI8aAjXJmJk=",
                            "metadata_startup_script": "",
                            "min_cpu_platform": "",
                            "name": "todo-db",
                            "network_interface.#": "1",
                            "network_interface.0.access_config.#": "1",
                            "network_interface.0.access_config.0.assigned_nat_ip": "35.237.118.50",
                            "network_interface.0.access_config.0.nat_ip": "35.237.118.50",
                            "network_interface.0.access_config.0.network_tier": "PREMIUM",
                            "network_interface.0.access_config.0.public_ptr_domain_name": "",
                            "network_interface.0.address": "10.10.30.3",
                            "network_interface.0.alias_ip_range.#": "0",
                            "network_interface.0.name": "nic0",
                            "network_interface.0.network": "https://www.googleapis.com/compute/v1/projects/reechar-3t-demo-xpn/global/networks/shared-vpc-host",
                            "network_interface.0.network_ip": "10.10.30.3",
                            "network_interface.0.subnetwork": "https://www.googleapis.com/compute/v1/projects/reechar-3t-demo-xpn/regions/us-east1/subnetworks/db-tier-subnet",
                            "network_interface.0.subnetwork_project": "reechar-3t-demo-xpn",
                            "project": "reechar-3t-demo-todo",
                            "scheduling.#": "1",
                            "scheduling.0.automatic_restart": "false",
                            "scheduling.0.on_host_maintenance": "MIGRATE",
                            "scheduling.0.preemptible": "false",
                            "scratch_disk.#": "0",
                            "self_link": "https://www.googleapis.com/compute/v1/projects/reechar-3t-demo-todo/zones/us-east1-b/instances/todo-db",
                            "service_account.#": "1",
                            "service_account.0.email": "todo-db@reechar-3t-demo-todo.iam.gserviceaccount.com",
                            "service_account.0.scopes.#": "1",
                            "service_account.0.scopes.1733087937": "https://www.googleapis.com/auth/cloud-platform",
                            "tags.#": "0",
                            "tags_fingerprint": "42WmSpB8rSM=",
                            "zone": "us-east1-b"
                        },
                        "meta": {
                            "e2bfb730-ecaa-11e6-8f88-34363bc7c4c0": {
                                "create": 360000000000,
                                "delete": 360000000000,
                                "update": 360000000000
                            },
                            "schema_version": "6"
                        },
                        "tainted": false
                    },
                    "deposed": [],
                    "provider": "provider.google"
                },
                "google_compute_instance.todo_web": {
                    "type": "google_compute_instance",
                    "depends_on": [
                        "google_project.demo_todo_project",
                        "google_service_account.todo-web-sa"
                    ],
                    "primary": {
                        "id": "todo-web",
                        "attributes": {
                            "attached_disk.#": "0",
                            "boot_disk.#": "1",
                            "boot_disk.0.auto_delete": "true",
                            "boot_disk.0.device_name": "persistent-disk-0",
                            "boot_disk.0.disk_encryption_key_raw": "",
                            "boot_disk.0.disk_encryption_key_sha256": "",
                            "boot_disk.0.initialize_params.#": "1",
                            "boot_disk.0.initialize_params.0.image": "https://www.googleapis.com/compute/v1/projects/debian-cloud/global/images/debian-9-stretch-v20181210",
                            "boot_disk.0.initialize_params.0.size": "10",
                            "boot_disk.0.initialize_params.0.type": "pd-standard",
                            "boot_disk.0.source": "https://www.googleapis.com/compute/v1/projects/reechar-3t-demo-todo/zones/us-east1-b/disks/todo-web",
                            "can_ip_forward": "false",
                            "cpu_platform": "Intel Haswell",
                            "create_timeout": "4",
                            "deletion_protection": "false",
                            "guest_accelerator.#": "0",
                            "id": "todo-web",
                            "instance_id": "778276337112694411",
                            "label_fingerprint": "42WmSpB8rSM=",
                            "labels.%": "0",
                            "machine_type": "n1-standard-1",
                            "metadata.%": "0",
                            "metadata_fingerprint": "5s6W2A32r8A=",
                            "metadata_startup_script": "",
                            "min_cpu_platform": "",
                            "name": "todo-web",
                            "network_interface.#": "1",
                            "network_interface.0.access_config.#": "1",
                            "network_interface.0.access_config.0.assigned_nat_ip": "35.231.191.240",
                            "network_interface.0.access_config.0.nat_ip": "35.231.191.240",
                            "network_interface.0.access_config.0.network_tier": "PREMIUM",
                            "network_interface.0.access_config.0.public_ptr_domain_name": "",
                            "network_interface.0.address": "10.10.10.3",
                            "network_interface.0.alias_ip_range.#": "0",
                            "network_interface.0.name": "nic0",
                            "network_interface.0.network": "https://www.googleapis.com/compute/v1/projects/reechar-3t-demo-xpn/global/networks/shared-vpc-host",
                            "network_interface.0.network_ip": "10.10.10.3",
                            "network_interface.0.subnetwork": "https://www.googleapis.com/compute/v1/projects/reechar-3t-demo-xpn/regions/us-east1/subnetworks/web-tier-subnet",
                            "network_interface.0.subnetwork_project": "reechar-3t-demo-xpn",
                            "project": "reechar-3t-demo-todo",
                            "scheduling.#": "1",
                            "scheduling.0.automatic_restart": "false",
                            "scheduling.0.on_host_maintenance": "MIGRATE",
                            "scheduling.0.preemptible": "false",
                            "scratch_disk.#": "0",
                            "self_link": "https://www.googleapis.com/compute/v1/projects/reechar-3t-demo-todo/zones/us-east1-b/instances/todo-web",
                            "service_account.#": "1",
                            "service_account.0.email": "todo-web@reechar-3t-demo-todo.iam.gserviceaccount.com",
                            "service_account.0.scopes.#": "1",
                            "service_account.0.scopes.1733087937": "https://www.googleapis.com/auth/cloud-platform",
                            "tags.#": "0",
                            "tags_fingerprint": "42WmSpB8rSM=",
                            "zone": "us-east1-b"
                        },
                        "meta": {
                            "e2bfb730-ecaa-11e6-8f88-34363bc7c4c0": {
                                "create": 360000000000,
                                "delete": 360000000000,
                                "update": 360000000000
                            },
                            "schema_version": "6"
                        },
                        "tainted": false
                    },
                    "deposed": [],
                    "provider": "provider.google"
                },
                "google_compute_shared_vpc_host_project.host": {
                    "type": "google_compute_shared_vpc_host_project",
                    "depends_on": [
                        "google_project.xpn_host_project"
                    ],
                    "primary": {
                        "id": "reechar-3t-demo-xpn",
                        "attributes": {
                            "id": "reechar-3t-demo-xpn",
                            "project": "reechar-3t-demo-xpn"
                        },
                        "meta": {},
                        "tainted": false
                    },
                    "deposed": [],
                    "provider": "provider.google"
                },
                "google_compute_shared_vpc_service_project.service_guestbook": {
                    "type": "google_compute_shared_vpc_service_project",
                    "depends_on": [
                        "google_project.demo_guestbook_project",
                        "google_project.xpn_host_project"
                    ],
                    "primary": {
                        "id": "reechar-3t-demo-xpn/reechar-3t-demo-guestbook",
                        "attributes": {
                            "host_project": "reechar-3t-demo-xpn",
                            "id": "reechar-3t-demo-xpn/reechar-3t-demo-guestbook",
                            "service_project": "reechar-3t-demo-guestbook"
                        },
                        "meta": {},
                        "tainted": false
                    },
                    "deposed": [],
                    "provider": "provider.google"
                },
                "google_compute_shared_vpc_service_project.service_todo": {
                    "type": "google_compute_shared_vpc_service_project",
                    "depends_on": [
                        "google_project.demo_todo_project",
                        "google_project.xpn_host_project"
                    ],
                    "primary": {
                        "id": "reechar-3t-demo-xpn/reechar-3t-demo-todo",
                        "attributes": {
                            "host_project": "reechar-3t-demo-xpn",
                            "id": "reechar-3t-demo-xpn/reechar-3t-demo-todo",
                            "service_project": "reechar-3t-demo-todo"
                        },
                        "meta": {},
                        "tainted": false
                    },
                    "deposed": [],
                    "provider": "provider.google"
                },
                "google_folder.demo_folder": {
                    "type": "google_folder",
                    "depends_on": [],
                    "primary": {
                        "id": "folders/1063493940175",
                        "attributes": {
                            "create_time": "2018-12-20T16:37:24.644Z",
                            "display_name": "Three Tier XPN Demo Folder",
                            "id": "folders/1063493940175",
                            "lifecycle_state": "ACTIVE",
                            "name": "folders/1063493940175",
                            "parent": "organizations/794966888850"
                        },
                        "meta": {},
                        "tainted": false
                    },
                    "deposed": [],
                    "provider": "provider.google"
                },
                "google_project.demo_guestbook_project": {
                    "type": "google_project",
                    "depends_on": [
                        "google_folder.demo_folder"
                    ],
                    "primary": {
                        "id": "reechar-3t-demo-guestbook",
                        "attributes": {
                            "app_engine.#": "0",
                            "auto_create_network": "false",
                            "billing_account": "0030A3-D6BEAE-9C7088",
                            "folder_id": "1063493940175",
                            "id": "reechar-3t-demo-guestbook",
                            "labels.%": "0",
                            "name": "Demo App1- guestbook",
                            "number": "312502388023",
                            "org_id": "",
                            "project_id": "reechar-3t-demo-guestbook"
                        },
                        "meta": {
                            "schema_version": "1"
                        },
                        "tainted": false
                    },
                    "deposed": [],
                    "provider": "provider.google"
                },
                "google_project.demo_todo_project": {
                    "type": "google_project",
                    "depends_on": [
                        "google_folder.demo_folder"
                    ],
                    "primary": {
                        "id": "reechar-3t-demo-todo",
                        "attributes": {
                            "app_engine.#": "0",
                            "auto_create_network": "false",
                            "billing_account": "0030A3-D6BEAE-9C7088",
                            "folder_id": "1063493940175",
                            "id": "reechar-3t-demo-todo",
                            "labels.%": "0",
                            "name": "Demo App2- todo",
                            "number": "671908156073",
                            "org_id": "",
                            "project_id": "reechar-3t-demo-todo"
                        },
                        "meta": {
                            "schema_version": "1"
                        },
                        "tainted": false
                    },
                    "deposed": [],
                    "provider": "provider.google"
                },
                "google_project.xpn_host_project": {
                    "type": "google_project",
                    "depends_on": [
                        "google_folder.demo_folder"
                    ],
                    "primary": {
                        "id": "reechar-3t-demo-xpn",
                        "attributes": {
                            "app_engine.#": "0",
                            "auto_create_network": "false",
                            "billing_account": "0030A3-D6BEAE-9C7088",
                            "folder_id": "1063493940175",
                            "id": "reechar-3t-demo-xpn",
                            "labels.%": "0",
                            "name": "Shared VPC Host 3T Demo",
                            "number": "394333120019",
                            "org_id": "",
                            "project_id": "reechar-3t-demo-xpn"
                        },
                        "meta": {
                            "schema_version": "1"
                        },
                        "tainted": false
                    },
                    "deposed": [],
                    "provider": "provider.google"
                },
                "google_service_account.guestbook-app-sa": {
                    "type": "google_service_account",
                    "depends_on": [
                        "google_project.demo_guestbook_project"
                    ],
                    "primary": {
                        "id": "projects/reechar-3t-demo-guestbook/serviceAccounts/guestbook-app@reechar-3t-demo-guestbook.iam.gserviceaccount.com",
                        "attributes": {
                            "account_id": "guestbook-app",
                            "display_name": "Guestbook App Tier SA ",
                            "email": "guestbook-app@reechar-3t-demo-guestbook.iam.gserviceaccount.com",
                            "id": "projects/reechar-3t-demo-guestbook/serviceAccounts/guestbook-app@reechar-3t-demo-guestbook.iam.gserviceaccount.com",
                            "name": "projects/reechar-3t-demo-guestbook/serviceAccounts/guestbook-app@reechar-3t-demo-guestbook.iam.gserviceaccount.com",
                            "project": "reechar-3t-demo-guestbook",
                            "unique_id": "104295421072885567264"
                        },
                        "meta": {},
                        "tainted": false
                    },
                    "deposed": [],
                    "provider": "provider.google"
                },
                "google_service_account.guestbook-db-sa": {
                    "type": "google_service_account",
                    "depends_on": [
                        "google_project.demo_guestbook_project"
                    ],
                    "primary": {
                        "id": "projects/reechar-3t-demo-guestbook/serviceAccounts/guestbook-db@reechar-3t-demo-guestbook.iam.gserviceaccount.com",
                        "attributes": {
                            "account_id": "guestbook-db",
                            "display_name": "Guestbook DB Tier SA ",
                            "email": "guestbook-db@reechar-3t-demo-guestbook.iam.gserviceaccount.com",
                            "id": "projects/reechar-3t-demo-guestbook/serviceAccounts/guestbook-db@reechar-3t-demo-guestbook.iam.gserviceaccount.com",
                            "name": "projects/reechar-3t-demo-guestbook/serviceAccounts/guestbook-db@reechar-3t-demo-guestbook.iam.gserviceaccount.com",
                            "project": "reechar-3t-demo-guestbook",
                            "unique_id": "106241054400747852569"
                        },
                        "meta": {},
                        "tainted": false
                    },
                    "deposed": [],
                    "provider": "provider.google"
                },
                "google_service_account.guestbook-web-sa": {
                    "type": "google_service_account",
                    "depends_on": [
                        "google_project.demo_guestbook_project"
                    ],
                    "primary": {
                        "id": "projects/reechar-3t-demo-guestbook/serviceAccounts/guestbook-web@reechar-3t-demo-guestbook.iam.gserviceaccount.com",
                        "attributes": {
                            "account_id": "guestbook-web",
                            "display_name": "Guestbook Web Tier SA ",
                            "email": "guestbook-web@reechar-3t-demo-guestbook.iam.gserviceaccount.com",
                            "id": "projects/reechar-3t-demo-guestbook/serviceAccounts/guestbook-web@reechar-3t-demo-guestbook.iam.gserviceaccount.com",
                            "name": "projects/reechar-3t-demo-guestbook/serviceAccounts/guestbook-web@reechar-3t-demo-guestbook.iam.gserviceaccount.com",
                            "project": "reechar-3t-demo-guestbook",
                            "unique_id": "111604853134269376710"
                        },
                        "meta": {},
                        "tainted": false
                    },
                    "deposed": [],
                    "provider": "provider.google"
                },
                "google_service_account.todo-app-sa": {
                    "type": "google_service_account",
                    "depends_on": [
                        "google_project.demo_todo_project"
                    ],
                    "primary": {
                        "id": "projects/reechar-3t-demo-todo/serviceAccounts/todo-app@reechar-3t-demo-todo.iam.gserviceaccount.com",
                        "attributes": {
                            "account_id": "todo-app",
                            "display_name": "Todo App Tier SA ",
                            "email": "todo-app@reechar-3t-demo-todo.iam.gserviceaccount.com",
                            "id": "projects/reechar-3t-demo-todo/serviceAccounts/todo-app@reechar-3t-demo-todo.iam.gserviceaccount.com",
                            "name": "projects/reechar-3t-demo-todo/serviceAccounts/todo-app@reechar-3t-demo-todo.iam.gserviceaccount.com",
                            "project": "reechar-3t-demo-todo",
                            "unique_id": "105165955450272462748"
                        },
                        "meta": {},
                        "tainted": false
                    },
                    "deposed": [],
                    "provider": "provider.google"
                },
                "google_service_account.todo-db-sa": {
                    "type": "google_service_account",
                    "depends_on": [
                        "google_project.demo_todo_project"
                    ],
                    "primary": {
                        "id": "projects/reechar-3t-demo-todo/serviceAccounts/todo-db@reechar-3t-demo-todo.iam.gserviceaccount.com",
                        "attributes": {
                            "account_id": "todo-db",
                            "display_name": "Todo DB Tier SA ",
                            "email": "todo-db@reechar-3t-demo-todo.iam.gserviceaccount.com",
                            "id": "projects/reechar-3t-demo-todo/serviceAccounts/todo-db@reechar-3t-demo-todo.iam.gserviceaccount.com",
                            "name": "projects/reechar-3t-demo-todo/serviceAccounts/todo-db@reechar-3t-demo-todo.iam.gserviceaccount.com",
                            "project": "reechar-3t-demo-todo",
                            "unique_id": "101271255191679857243"
                        },
                        "meta": {},
                        "tainted": false
                    },
                    "deposed": [],
                    "provider": "provider.google"
                },
                "google_service_account.todo-web-sa": {
                    "type": "google_service_account",
                    "depends_on": [
                        "google_project.demo_todo_project"
                    ],
                    "primary": {
                        "id": "projects/reechar-3t-demo-todo/serviceAccounts/todo-web@reechar-3t-demo-todo.iam.gserviceaccount.com",
                        "attributes": {
                            "account_id": "todo-web",
                            "display_name": "Todo Web Tier SA ",
                            "email": "todo-web@reechar-3t-demo-todo.iam.gserviceaccount.com",
                            "id": "projects/reechar-3t-demo-todo/serviceAccounts/todo-web@reechar-3t-demo-todo.iam.gserviceaccount.com",
                            "name": "projects/reechar-3t-demo-todo/serviceAccounts/todo-web@reechar-3t-demo-todo.iam.gserviceaccount.com",
                            "project": "reechar-3t-demo-todo",
                            "unique_id": "109060916439596759186"
                        },
                        "meta": {},
                        "tainted": false
                    },
                    "deposed": [],
                    "provider": "provider.google"
                }
            },
            "depends_on": []
        },
        {
            "path": [
                "root",
                "guestbook_app_sa_iam_binding"
            ],
            "outputs": {},
            "resources": {
                "data.external.additive_bindings_temp_struct": {
                    "type": "external",
                    "depends_on": [
                        "local.kms_crypto_keys_passed",
                        "local.kms_key_rings_passed",
                        "local.objects_affected",
                        "local.resources_project",
                        "local.service_accounts_passed"
                    ],
                    "primary": {
                        "id": "-",
                        "attributes": {
                            "id": "-",
                            "program.#": "9",
                            "program.0": "bash",
                            "program.1": "/Users/reechar/git/terraform-network-tier/.terraform/modules/5b271671fc6e210b9a822b7121f43153/scripts/create_additive_authoritative_structures.sh",
                            "program.2": "additive",
                            "program.3": "{\"roles/iam.serviceAccountUser\":[\"group:guestbook-app-dev@reechar.co\"]}",
                            "program.4": "[\"guestbook-app@reechar-3t-demo-guestbook.iam.gserviceaccount.com\"]",
                            "program.5": "reechar-3t-demo-guestbook",
                            "program.6": "1",
                            "program.7": "0",
                            "program.8": "0",
                            "result.%": "1",
                            "result.data": "projects/reechar-3t-demo-guestbook/serviceAccounts/guestbook-app@reechar-3t-demo-guestbook.iam.gserviceaccount.com group:guestbook-app-dev@reechar.co roles/iam.serviceAccountUser,"
                        },
                        "meta": {},
                        "tainted": false
                    },
                    "deposed": [],
                    "provider": "provider.external"
                },
                "google_service_account_iam_member.service_account_iam_additive": {
                    "type": "google_service_account_iam_member",
                    "depends_on": [
                        "local.bindings_array",
                        "local.service_accounts_additive_iam"
                    ],
                    "primary": {
                        "id": "projects/reechar-3t-demo-guestbook/serviceAccounts/guestbook-app@reechar-3t-demo-guestbook.iam.gserviceaccount.com/roles/iam.serviceAccountUser/group:guestbook-app-dev@reechar.co",
                        "attributes": {
                            "etag": "BwV9eRrVitI=",
                            "id": "projects/reechar-3t-demo-guestbook/serviceAccounts/guestbook-app@reechar-3t-demo-guestbook.iam.gserviceaccount.com/roles/iam.serviceAccountUser/group:guestbook-app-dev@reechar.co",
                            "member": "group:guestbook-app-dev@reechar.co",
                            "role": "roles/iam.serviceAccountUser",
                            "service_account_id": "projects/reechar-3t-demo-guestbook/serviceAccounts/guestbook-app@reechar-3t-demo-guestbook.iam.gserviceaccount.com"
                        },
                        "meta": {},
                        "tainted": false
                    },
                    "deposed": [],
                    "provider": "provider.google"
                }
            },
            "depends_on": []
        },
        {
            "path": [
                "root",
                "guestbook_app_subnet_iam_binding"
            ],
            "outputs": {},
            "resources": {
                "data.external.additive_bindings_temp_struct": {
                    "type": "external",
                    "depends_on": [
                        "local.kms_crypto_keys_passed",
                        "local.kms_key_rings_passed",
                        "local.objects_affected",
                        "local.resources_project",
                        "local.service_accounts_passed"
                    ],
                    "primary": {
                        "id": "-",
                        "attributes": {
                            "id": "-",
                            "program.#": "9",
                            "program.0": "bash",
                            "program.1": "/Users/reechar/git/terraform-network-tier/.terraform/modules/20688287a6ffe9955bd731fcd19e51fe/scripts/create_additive_authoritative_structures.sh",
                            "program.2": "additive",
                            "program.3": "{\"roles/compute.networkUser\":[\"group:guestbook-app-dev@reechar.co\"]}",
                            "program.4": "[\"projects/reechar-3t-demo-xpn/regions/us-east1/subnetworks/app-tier-subnet\"]",
                            "program.5": "-1",
                            "program.6": "0",
                            "program.7": "0",
                            "program.8": "0",
                            "result.%": "1",
                            "result.data": "projects/reechar-3t-demo-xpn/regions/us-east1/subnetworks/app-tier-subnet group:guestbook-app-dev@reechar.co roles/compute.networkUser,"
                        },
                        "meta": {},
                        "tainted": false
                    },
                    "deposed": [],
                    "provider": "provider.external"
                },
                "google_compute_subnetwork_iam_member.subnet_iam_additive": {
                    "type": "google_compute_subnetwork_iam_member",
                    "depends_on": [
                        "local.bindings_array",
                        "local.subnets_additive_iam"
                    ],
                    "primary": {
                        "id": "projects/reechar-3t-demo-xpn/regions/us-east1/subnetworks/app-tier-subnet/roles/compute.networkUser/group:guestbook-app-dev@reechar.co",
                        "attributes": {
                            "etag": "BwV9ejc8tOM=",
                            "id": "projects/reechar-3t-demo-xpn/regions/us-east1/subnetworks/app-tier-subnet/roles/compute.networkUser/group:guestbook-app-dev@reechar.co",
                            "member": "group:guestbook-app-dev@reechar.co",
                            "project": "reechar-3t-demo-xpn",
                            "region": "us-east1",
                            "role": "roles/compute.networkUser",
                            "subnetwork": "app-tier-subnet"
                        },
                        "meta": {},
                        "tainted": false
                    },
                    "deposed": [],
                    "provider": "provider.google"
                }
            },
            "depends_on": []
        },
        {
            "path": [
                "root",
                "guestbook_db_sa_iam_binding"
            ],
            "outputs": {},
            "resources": {
                "data.external.additive_bindings_temp_struct": {
                    "type": "external",
                    "depends_on": [
                        "local.kms_crypto_keys_passed",
                        "local.kms_key_rings_passed",
                        "local.objects_affected",
                        "local.resources_project",
                        "local.service_accounts_passed"
                    ],
                    "primary": {
                        "id": "-",
                        "attributes": {
                            "id": "-",
                            "program.#": "9",
                            "program.0": "bash",
                            "program.1": "/Users/reechar/git/terraform-network-tier/.terraform/modules/0bdd7bac5e2c7f47e30928b766ac142c/scripts/create_additive_authoritative_structures.sh",
                            "program.2": "additive",
                            "program.3": "{\"roles/iam.serviceAccountUser\":[\"group:guestbook-db-dev@reechar.co\"]}",
                            "program.4": "[\"guestbook-db@reechar-3t-demo-guestbook.iam.gserviceaccount.com\"]",
                            "program.5": "reechar-3t-demo-guestbook",
                            "program.6": "1",
                            "program.7": "0",
                            "program.8": "0",
                            "result.%": "1",
                            "result.data": "projects/reechar-3t-demo-guestbook/serviceAccounts/guestbook-db@reechar-3t-demo-guestbook.iam.gserviceaccount.com group:guestbook-db-dev@reechar.co roles/iam.serviceAccountUser,"
                        },
                        "meta": {},
                        "tainted": false
                    },
                    "deposed": [],
                    "provider": "provider.external"
                },
                "google_service_account_iam_member.service_account_iam_additive": {
                    "type": "google_service_account_iam_member",
                    "depends_on": [
                        "local.bindings_array",
                        "local.service_accounts_additive_iam"
                    ],
                    "primary": {
                        "id": "projects/reechar-3t-demo-guestbook/serviceAccounts/guestbook-db@reechar-3t-demo-guestbook.iam.gserviceaccount.com/roles/iam.serviceAccountUser/group:guestbook-db-dev@reechar.co",
                        "attributes": {
                            "etag": "BwV9eRrVhds=",
                            "id": "projects/reechar-3t-demo-guestbook/serviceAccounts/guestbook-db@reechar-3t-demo-guestbook.iam.gserviceaccount.com/roles/iam.serviceAccountUser/group:guestbook-db-dev@reechar.co",
                            "member": "group:guestbook-db-dev@reechar.co",
                            "role": "roles/iam.serviceAccountUser",
                            "service_account_id": "projects/reechar-3t-demo-guestbook/serviceAccounts/guestbook-db@reechar-3t-demo-guestbook.iam.gserviceaccount.com"
                        },
                        "meta": {},
                        "tainted": false
                    },
                    "deposed": [],
                    "provider": "provider.google"
                }
            },
            "depends_on": []
        },
        {
            "path": [
                "root",
                "guestbook_db_subnet_iam_binding"
            ],
            "outputs": {},
            "resources": {
                "data.external.additive_bindings_temp_struct": {
                    "type": "external",
                    "depends_on": [
                        "local.kms_crypto_keys_passed",
                        "local.kms_key_rings_passed",
                        "local.objects_affected",
                        "local.resources_project",
                        "local.service_accounts_passed"
                    ],
                    "primary": {
                        "id": "-",
                        "attributes": {
                            "id": "-",
                            "program.#": "9",
                            "program.0": "bash",
                            "program.1": "/Users/reechar/git/terraform-network-tier/.terraform/modules/5031c857615821e46331eadc10ee0ab1/scripts/create_additive_authoritative_structures.sh",
                            "program.2": "additive",
                            "program.3": "{\"roles/compute.networkUser\":[\"group:guestbook-db-dev@reechar.co\"]}",
                            "program.4": "[\"projects/reechar-3t-demo-xpn/regions/us-east1/subnetworks/db-tier-subnet\"]",
                            "program.5": "-1",
                            "program.6": "0",
                            "program.7": "0",
                            "program.8": "0",
                            "result.%": "1",
                            "result.data": "projects/reechar-3t-demo-xpn/regions/us-east1/subnetworks/db-tier-subnet group:guestbook-db-dev@reechar.co roles/compute.networkUser,"
                        },
                        "meta": {},
                        "tainted": false
                    },
                    "deposed": [],
                    "provider": "provider.external"
                },
                "google_compute_subnetwork_iam_member.subnet_iam_additive": {
                    "type": "google_compute_subnetwork_iam_member",
                    "depends_on": [
                        "local.bindings_array",
                        "local.subnets_additive_iam"
                    ],
                    "primary": {
                        "id": "projects/reechar-3t-demo-xpn/regions/us-east1/subnetworks/db-tier-subnet/roles/compute.networkUser/group:guestbook-db-dev@reechar.co",
                        "attributes": {
                            "etag": "BwV9ejc8wFU=",
                            "id": "projects/reechar-3t-demo-xpn/regions/us-east1/subnetworks/db-tier-subnet/roles/compute.networkUser/group:guestbook-db-dev@reechar.co",
                            "member": "group:guestbook-db-dev@reechar.co",
                            "project": "reechar-3t-demo-xpn",
                            "region": "us-east1",
                            "role": "roles/compute.networkUser",
                            "subnetwork": "db-tier-subnet"
                        },
                        "meta": {},
                        "tainted": false
                    },
                    "deposed": [],
                    "provider": "provider.google"
                }
            },
            "depends_on": []
        },
        {
            "path": [
                "root",
                "guestbook_project_iam_bindings"
            ],
            "outputs": {},
            "resources": {
                "data.external.additive_bindings_temp_struct": {
                    "type": "external",
                    "depends_on": [
                        "local.kms_crypto_keys_passed",
                        "local.kms_key_rings_passed",
                        "local.objects_affected",
                        "local.resources_project",
                        "local.service_accounts_passed"
                    ],
                    "primary": {
                        "id": "-",
                        "attributes": {
                            "id": "-",
                            "program.#": "9",
                            "program.0": "bash",
                            "program.1": "/Users/reechar/git/terraform-network-tier/.terraform/modules/e286708681a487ec3fb609d2efbc0f34/scripts/create_additive_authoritative_structures.sh",
                            "program.2": "additive",
                            "program.3": "{\"roles/compute.instanceAdmin.v1\":[\"group:guestbook-eng@reechar.co\"],\"roles/viewer\":[\"group:guestbook-eng@reechar.co\"]}",
                            "program.4": "[\"reechar-3t-demo-guestbook\"]",
                            "program.5": "-1",
                            "program.6": "0",
                            "program.7": "0",
                            "program.8": "0",
                            "result.%": "1",
                            "result.data": "reechar-3t-demo-guestbook group:guestbook-eng@reechar.co roles/viewer,reechar-3t-demo-guestbook group:guestbook-eng@reechar.co roles/compute.instanceAdmin.v1,"
                        },
                        "meta": {},
                        "tainted": false
                    },
                    "deposed": [],
                    "provider": "provider.external"
                },
                "google_project_iam_member.project_iam_additive.0": {
                    "type": "google_project_iam_member",
                    "depends_on": [
                        "local.bindings_array",
                        "local.projects_additive_iam"
                    ],
                    "primary": {
                        "id": "reechar-3t-demo-guestbook/roles/viewer/group:guestbook-eng@reechar.co",
                        "attributes": {
                            "etag": "BwV9eFucUr0=",
                            "id": "reechar-3t-demo-guestbook/roles/viewer/group:guestbook-eng@reechar.co",
                            "member": "group:guestbook-eng@reechar.co",
                            "project": "reechar-3t-demo-guestbook",
                            "role": "roles/viewer"
                        },
                        "meta": {},
                        "tainted": false
                    },
                    "deposed": [],
                    "provider": "provider.google"
                },
                "google_project_iam_member.project_iam_additive.1": {
                    "type": "google_project_iam_member",
                    "depends_on": [
                        "local.bindings_array",
                        "local.projects_additive_iam"
                    ],
                    "primary": {
                        "id": "reechar-3t-demo-guestbook/roles/compute.instanceAdmin.v1/group:guestbook-eng@reechar.co",
                        "attributes": {
                            "etag": "BwV+kbFdpQ4=",
                            "id": "reechar-3t-demo-guestbook/roles/compute.instanceAdmin.v1/group:guestbook-eng@reechar.co",
                            "member": "group:guestbook-eng@reechar.co",
                            "project": "reechar-3t-demo-guestbook",
                            "role": "roles/compute.instanceAdmin.v1"
                        },
                        "meta": {},
                        "tainted": false
                    },
                    "deposed": [],
                    "provider": "provider.google"
                }
            },
            "depends_on": []
        },
        {
            "path": [
                "root",
                "guestbook_web_sa_iam_binding"
            ],
            "outputs": {},
            "resources": {
                "data.external.additive_bindings_temp_struct": {
                    "type": "external",
                    "depends_on": [
                        "local.kms_crypto_keys_passed",
                        "local.kms_key_rings_passed",
                        "local.objects_affected",
                        "local.resources_project",
                        "local.service_accounts_passed"
                    ],
                    "primary": {
                        "id": "-",
                        "attributes": {
                            "id": "-",
                            "program.#": "9",
                            "program.0": "bash",
                            "program.1": "/Users/reechar/git/terraform-network-tier/.terraform/modules/f3f26c37f36fea0e75c2defff872f002/scripts/create_additive_authoritative_structures.sh",
                            "program.2": "additive",
                            "program.3": "{\"roles/iam.serviceAccountUser\":[\"group:guestbook-web-dev@reechar.co\"]}",
                            "program.4": "[\"guestbook-web@reechar-3t-demo-guestbook.iam.gserviceaccount.com\"]",
                            "program.5": "reechar-3t-demo-guestbook",
                            "program.6": "1",
                            "program.7": "0",
                            "program.8": "0",
                            "result.%": "1",
                            "result.data": "projects/reechar-3t-demo-guestbook/serviceAccounts/guestbook-web@reechar-3t-demo-guestbook.iam.gserviceaccount.com group:guestbook-web-dev@reechar.co roles/iam.serviceAccountUser,"
                        },
                        "meta": {},
                        "tainted": false
                    },
                    "deposed": [],
                    "provider": "provider.external"
                },
                "google_service_account_iam_member.service_account_iam_additive": {
                    "type": "google_service_account_iam_member",
                    "depends_on": [
                        "local.bindings_array",
                        "local.service_accounts_additive_iam"
                    ],
                    "primary": {
                        "id": "projects/reechar-3t-demo-guestbook/serviceAccounts/guestbook-web@reechar-3t-demo-guestbook.iam.gserviceaccount.com/roles/iam.serviceAccountUser/group:guestbook-web-dev@reechar.co",
                        "attributes": {
                            "etag": "BwV9eKxbYdU=",
                            "id": "projects/reechar-3t-demo-guestbook/serviceAccounts/guestbook-web@reechar-3t-demo-guestbook.iam.gserviceaccount.com/roles/iam.serviceAccountUser/group:guestbook-web-dev@reechar.co",
                            "member": "group:guestbook-web-dev@reechar.co",
                            "role": "roles/iam.serviceAccountUser",
                            "service_account_id": "projects/reechar-3t-demo-guestbook/serviceAccounts/guestbook-web@reechar-3t-demo-guestbook.iam.gserviceaccount.com"
                        },
                        "meta": {},
                        "tainted": false
                    },
                    "deposed": [],
                    "provider": "provider.google"
                }
            },
            "depends_on": []
        },
        {
            "path": [
                "root",
                "guestbook_web_subnet_iam_binding"
            ],
            "outputs": {},
            "resources": {
                "data.external.additive_bindings_temp_struct": {
                    "type": "external",
                    "depends_on": [
                        "local.kms_crypto_keys_passed",
                        "local.kms_key_rings_passed",
                        "local.objects_affected",
                        "local.resources_project",
                        "local.service_accounts_passed"
                    ],
                    "primary": {
                        "id": "-",
                        "attributes": {
                            "id": "-",
                            "program.#": "9",
                            "program.0": "bash",
                            "program.1": "/Users/reechar/git/terraform-network-tier/.terraform/modules/65000b63102f36d8f1d8ac5fe6db3d93/scripts/create_additive_authoritative_structures.sh",
                            "program.2": "additive",
                            "program.3": "{\"roles/compute.networkUser\":[\"group:guestbook-web-dev@reechar.co\"]}",
                            "program.4": "[\"projects/reechar-3t-demo-xpn/regions/us-east1/subnetworks/web-tier-subnet\"]",
                            "program.5": "-1",
                            "program.6": "0",
                            "program.7": "0",
                            "program.8": "0",
                            "result.%": "1",
                            "result.data": "projects/reechar-3t-demo-xpn/regions/us-east1/subnetworks/web-tier-subnet group:guestbook-web-dev@reechar.co roles/compute.networkUser,"
                        },
                        "meta": {},
                        "tainted": false
                    },
                    "deposed": [],
                    "provider": "provider.external"
                },
                "google_compute_subnetwork_iam_member.subnet_iam_additive": {
                    "type": "google_compute_subnetwork_iam_member",
                    "depends_on": [
                        "local.bindings_array",
                        "local.subnets_additive_iam"
                    ],
                    "primary": {
                        "id": "projects/reechar-3t-demo-xpn/regions/us-east1/subnetworks/web-tier-subnet/roles/compute.networkUser/group:guestbook-web-dev@reechar.co",
                        "attributes": {
                            "etag": "BwV9ejc8wAE=",
                            "id": "projects/reechar-3t-demo-xpn/regions/us-east1/subnetworks/web-tier-subnet/roles/compute.networkUser/group:guestbook-web-dev@reechar.co",
                            "member": "group:guestbook-web-dev@reechar.co",
                            "project": "reechar-3t-demo-xpn",
                            "region": "us-east1",
                            "role": "roles/compute.networkUser",
                            "subnetwork": "web-tier-subnet"
                        },
                        "meta": {},
                        "tainted": false
                    },
                    "deposed": [],
                    "provider": "provider.google"
                }
            },
            "depends_on": []
        },
        {
            "path": [
                "root",
                "shared-vpc"
            ],
            "outputs": {
                "network_name": {
                    "sensitive": false,
                    "type": "string",
                    "value": "shared-vpc-host"
                },
                "network_self_link": {
                    "sensitive": false,
                    "type": "string",
                    "value": "https://www.googleapis.com/compute/v1/projects/reechar-3t-demo-xpn/global/networks/shared-vpc-host"
                },
                "routes": {
                    "sensitive": false,
                    "type": "list",
                    "value": []
                },
                "subnets_flow_logs": {
                    "sensitive": false,
                    "type": "list",
                    "value": [
                        "false",
                        "false",
                        "false"
                    ]
                },
                "subnets_ips": {
                    "sensitive": false,
                    "type": "list",
                    "value": [
                        "10.10.10.0/24",
                        "10.10.20.0/24",
                        "10.10.30.0/24"
                    ]
                },
                "subnets_names": {
                    "sensitive": false,
                    "type": "list",
                    "value": [
                        "web-tier-subnet",
                        "app-tier-subnet",
                        "db-tier-subnet"
                    ]
                },
                "subnets_private_access": {
                    "sensitive": false,
                    "type": "list",
                    "value": [
                        "false",
                        "false",
                        "false"
                    ]
                },
                "subnets_regions": {
                    "sensitive": false,
                    "type": "list",
                    "value": [
                        "us-east1",
                        "us-east1",
                        "us-east1"
                    ]
                },
                "subnets_secondary_ranges": {
                    "sensitive": false,
                    "type": "list",
                    "value": [
                        [
                            {
                                "ip_cidr_range": "192.168.64.0/24",
                                "range_name": "web-tier-secondary-subnet"
                            }
                        ],
                        [],
                        []
                    ]
                }
            },
            "resources": {
                "google_compute_network.network": {
                    "type": "google_compute_network",
                    "depends_on": [],
                    "primary": {
                        "id": "shared-vpc-host",
                        "attributes": {
                            "auto_create_subnetworks": "false",
                            "description": "",
                            "gateway_ipv4": "",
                            "id": "shared-vpc-host",
                            "ipv4_range": "",
                            "name": "shared-vpc-host",
                            "project": "reechar-3t-demo-xpn",
                            "routing_mode": "GLOBAL",
                            "self_link": "https://www.googleapis.com/compute/v1/projects/reechar-3t-demo-xpn/global/networks/shared-vpc-host"
                        },
                        "meta": {},
                        "tainted": false
                    },
                    "deposed": [],
                    "provider": "provider.google"
                },
                "google_compute_subnetwork.subnetwork.0": {
                    "type": "google_compute_subnetwork",
                    "depends_on": [
                        "google_compute_network.network"
                    ],
                    "primary": {
                        "id": "us-east1/web-tier-subnet",
                        "attributes": {
                            "creation_timestamp": "2018-12-20T07:57:41.031-08:00",
                            "description": "",
                            "enable_flow_logs": "false",
                            "fingerprint": "fcKtisy-E0k=",
                            "gateway_address": "10.10.10.1",
                            "id": "us-east1/web-tier-subnet",
                            "ip_cidr_range": "10.10.10.0/24",
                            "name": "web-tier-subnet",
                            "network": "https://www.googleapis.com/compute/v1/projects/reechar-3t-demo-xpn/global/networks/shared-vpc-host",
                            "private_ip_google_access": "false",
                            "project": "reechar-3t-demo-xpn",
                            "region": "us-east1",
                            "secondary_ip_range.#": "1",
                            "secondary_ip_range.0.ip_cidr_range": "192.168.64.0/24",
                            "secondary_ip_range.0.range_name": "web-tier-secondary-subnet",
                            "self_link": "https://www.googleapis.com/compute/v1/projects/reechar-3t-demo-xpn/regions/us-east1/subnetworks/web-tier-subnet"
                        },
                        "meta": {
                            "e2bfb730-ecaa-11e6-8f88-34363bc7c4c0": {
                                "create": 360000000000,
                                "delete": 360000000000,
                                "update": 360000000000
                            }
                        },
                        "tainted": false
                    },
                    "deposed": [],
                    "provider": "provider.google"
                },
                "google_compute_subnetwork.subnetwork.1": {
                    "type": "google_compute_subnetwork",
                    "depends_on": [
                        "google_compute_network.network"
                    ],
                    "primary": {
                        "id": "us-east1/app-tier-subnet",
                        "attributes": {
                            "creation_timestamp": "2018-12-20T07:57:40.908-08:00",
                            "description": "",
                            "enable_flow_logs": "false",
                            "fingerprint": "Jwv-eeMJ6mA=",
                            "gateway_address": "10.10.20.1",
                            "id": "us-east1/app-tier-subnet",
                            "ip_cidr_range": "10.10.20.0/24",
                            "name": "app-tier-subnet",
                            "network": "https://www.googleapis.com/compute/v1/projects/reechar-3t-demo-xpn/global/networks/shared-vpc-host",
                            "private_ip_google_access": "false",
                            "project": "reechar-3t-demo-xpn",
                            "region": "us-east1",
                            "secondary_ip_range.#": "0",
                            "self_link": "https://www.googleapis.com/compute/v1/projects/reechar-3t-demo-xpn/regions/us-east1/subnetworks/app-tier-subnet"
                        },
                        "meta": {
                            "e2bfb730-ecaa-11e6-8f88-34363bc7c4c0": {
                                "create": 360000000000,
                                "delete": 360000000000,
                                "update": 360000000000
                            }
                        },
                        "tainted": false
                    },
                    "deposed": [],
                    "provider": "provider.google"
                },
                "google_compute_subnetwork.subnetwork.2": {
                    "type": "google_compute_subnetwork",
                    "depends_on": [
                        "google_compute_network.network"
                    ],
                    "primary": {
                        "id": "us-east1/db-tier-subnet",
                        "attributes": {
                            "creation_timestamp": "2018-12-20T07:57:40.997-08:00",
                            "description": "",
                            "enable_flow_logs": "false",
                            "fingerprint": "2Hkdjc-xaJs=",
                            "gateway_address": "10.10.30.1",
                            "id": "us-east1/db-tier-subnet",
                            "ip_cidr_range": "10.10.30.0/24",
                            "name": "db-tier-subnet",
                            "network": "https://www.googleapis.com/compute/v1/projects/reechar-3t-demo-xpn/global/networks/shared-vpc-host",
                            "private_ip_google_access": "false",
                            "project": "reechar-3t-demo-xpn",
                            "region": "us-east1",
                            "secondary_ip_range.#": "0",
                            "self_link": "https://www.googleapis.com/compute/v1/projects/reechar-3t-demo-xpn/regions/us-east1/subnetworks/db-tier-subnet"
                        },
                        "meta": {
                            "e2bfb730-ecaa-11e6-8f88-34363bc7c4c0": {
                                "create": 360000000000,
                                "delete": 360000000000,
                                "update": 360000000000
                            }
                        },
                        "tainted": false
                    },
                    "deposed": [],
                    "provider": "provider.google"
                }
            },
            "depends_on": []
        },
        {
            "path": [
                "root",
                "todo_app_sa_iam_binding"
            ],
            "outputs": {},
            "resources": {
                "data.external.additive_bindings_temp_struct": {
                    "type": "external",
                    "depends_on": [
                        "local.kms_crypto_keys_passed",
                        "local.kms_key_rings_passed",
                        "local.objects_affected",
                        "local.resources_project",
                        "local.service_accounts_passed"
                    ],
                    "primary": {
                        "id": "-",
                        "attributes": {
                            "id": "-",
                            "program.#": "9",
                            "program.0": "bash",
                            "program.1": "/Users/reechar/git/terraform-network-tier/.terraform/modules/cf811e3af225e1f00017ba2510c4caf5/scripts/create_additive_authoritative_structures.sh",
                            "program.2": "additive",
                            "program.3": "{\"roles/iam.serviceAccountUser\":[\"group:todo-app-dev@reechar.co\"]}",
                            "program.4": "[\"todo-app@reechar-3t-demo-todo.iam.gserviceaccount.com\"]",
                            "program.5": "reechar-3t-demo-todo",
                            "program.6": "1",
                            "program.7": "0",
                            "program.8": "0",
                            "result.%": "1",
                            "result.data": "projects/reechar-3t-demo-todo/serviceAccounts/todo-app@reechar-3t-demo-todo.iam.gserviceaccount.com group:todo-app-dev@reechar.co roles/iam.serviceAccountUser,"
                        },
                        "meta": {},
                        "tainted": false
                    },
                    "deposed": [],
                    "provider": "provider.external"
                },
                "google_service_account_iam_member.service_account_iam_additive": {
                    "type": "google_service_account_iam_member",
                    "depends_on": [
                        "local.bindings_array",
                        "local.service_accounts_additive_iam"
                    ],
                    "primary": {
                        "id": "projects/reechar-3t-demo-todo/serviceAccounts/todo-app@reechar-3t-demo-todo.iam.gserviceaccount.com/roles/iam.serviceAccountUser/group:todo-app-dev@reechar.co",
                        "attributes": {
                            "etag": "BwV9ejc566c=",
                            "id": "projects/reechar-3t-demo-todo/serviceAccounts/todo-app@reechar-3t-demo-todo.iam.gserviceaccount.com/roles/iam.serviceAccountUser/group:todo-app-dev@reechar.co",
                            "member": "group:todo-app-dev@reechar.co",
                            "role": "roles/iam.serviceAccountUser",
                            "service_account_id": "projects/reechar-3t-demo-todo/serviceAccounts/todo-app@reechar-3t-demo-todo.iam.gserviceaccount.com"
                        },
                        "meta": {},
                        "tainted": false
                    },
                    "deposed": [],
                    "provider": "provider.google"
                }
            },
            "depends_on": []
        },
        {
            "path": [
                "root",
                "todo_app_subnet_iam_binding"
            ],
            "outputs": {},
            "resources": {
                "data.external.additive_bindings_temp_struct": {
                    "type": "external",
                    "depends_on": [
                        "local.kms_crypto_keys_passed",
                        "local.kms_key_rings_passed",
                        "local.objects_affected",
                        "local.resources_project",
                        "local.service_accounts_passed"
                    ],
                    "primary": {
                        "id": "-",
                        "attributes": {
                            "id": "-",
                            "program.#": "9",
                            "program.0": "bash",
                            "program.1": "/Users/reechar/git/terraform-network-tier/.terraform/modules/a0a9d9b0e1fb2c8204bd3a1fc9d349ec/scripts/create_additive_authoritative_structures.sh",
                            "program.2": "additive",
                            "program.3": "{\"roles/compute.networkUser\":[\"group:todo-app-dev@reechar.co\"]}",
                            "program.4": "[\"projects/reechar-3t-demo-xpn/regions/us-east1/subnetworks/app-tier-subnet\"]",
                            "program.5": "-1",
                            "program.6": "0",
                            "program.7": "0",
                            "program.8": "0",
                            "result.%": "1",
                            "result.data": "projects/reechar-3t-demo-xpn/regions/us-east1/subnetworks/app-tier-subnet group:todo-app-dev@reechar.co roles/compute.networkUser,"
                        },
                        "meta": {},
                        "tainted": false
                    },
                    "deposed": [],
                    "provider": "provider.external"
                },
                "google_compute_subnetwork_iam_member.subnet_iam_additive": {
                    "type": "google_compute_subnetwork_iam_member",
                    "depends_on": [
                        "local.bindings_array",
                        "local.subnets_additive_iam"
                    ],
                    "primary": {
                        "id": "projects/reechar-3t-demo-xpn/regions/us-east1/subnetworks/app-tier-subnet/roles/compute.networkUser/group:todo-app-dev@reechar.co",
                        "attributes": {
                            "etag": "BwV9ejc8tOM=",
                            "id": "projects/reechar-3t-demo-xpn/regions/us-east1/subnetworks/app-tier-subnet/roles/compute.networkUser/group:todo-app-dev@reechar.co",
                            "member": "group:todo-app-dev@reechar.co",
                            "project": "reechar-3t-demo-xpn",
                            "region": "us-east1",
                            "role": "roles/compute.networkUser",
                            "subnetwork": "app-tier-subnet"
                        },
                        "meta": {},
                        "tainted": false
                    },
                    "deposed": [],
                    "provider": "provider.google"
                }
            },
            "depends_on": []
        },
        {
            "path": [
                "root",
                "todo_db_sa_iam_binding"
            ],
            "outputs": {},
            "resources": {
                "data.external.additive_bindings_temp_struct": {
                    "type": "external",
                    "depends_on": [
                        "local.kms_crypto_keys_passed",
                        "local.kms_key_rings_passed",
                        "local.objects_affected",
                        "local.resources_project",
                        "local.service_accounts_passed"
                    ],
                    "primary": {
                        "id": "-",
                        "attributes": {
                            "id": "-",
                            "program.#": "9",
                            "program.0": "bash",
                            "program.1": "/Users/reechar/git/terraform-network-tier/.terraform/modules/d8a97c017e88376e4abe48f131ec30ca/scripts/create_additive_authoritative_structures.sh",
                            "program.2": "additive",
                            "program.3": "{\"roles/iam.serviceAccountUser\":[\"group:todo-db-dev@reechar.co\"]}",
                            "program.4": "[\"todo-db@reechar-3t-demo-todo.iam.gserviceaccount.com\"]",
                            "program.5": "reechar-3t-demo-todo",
                            "program.6": "1",
                            "program.7": "0",
                            "program.8": "0",
                            "result.%": "1",
                            "result.data": "projects/reechar-3t-demo-todo/serviceAccounts/todo-db@reechar-3t-demo-todo.iam.gserviceaccount.com group:todo-db-dev@reechar.co roles/iam.serviceAccountUser,"
                        },
                        "meta": {},
                        "tainted": false
                    },
                    "deposed": [],
                    "provider": "provider.external"
                },
                "google_service_account_iam_member.service_account_iam_additive": {
                    "type": "google_service_account_iam_member",
                    "depends_on": [
                        "local.bindings_array",
                        "local.service_accounts_additive_iam"
                    ],
                    "primary": {
                        "id": "projects/reechar-3t-demo-todo/serviceAccounts/todo-db@reechar-3t-demo-todo.iam.gserviceaccount.com/roles/iam.serviceAccountUser/group:todo-db-dev@reechar.co",
                        "attributes": {
                            "etag": "BwV9ejc564E=",
                            "id": "projects/reechar-3t-demo-todo/serviceAccounts/todo-db@reechar-3t-demo-todo.iam.gserviceaccount.com/roles/iam.serviceAccountUser/group:todo-db-dev@reechar.co",
                            "member": "group:todo-db-dev@reechar.co",
                            "role": "roles/iam.serviceAccountUser",
                            "service_account_id": "projects/reechar-3t-demo-todo/serviceAccounts/todo-db@reechar-3t-demo-todo.iam.gserviceaccount.com"
                        },
                        "meta": {},
                        "tainted": false
                    },
                    "deposed": [],
                    "provider": "provider.google"
                }
            },
            "depends_on": []
        },
        {
            "path": [
                "root",
                "todo_db_subnet_iam_binding"
            ],
            "outputs": {},
            "resources": {
                "data.external.additive_bindings_temp_struct": {
                    "type": "external",
                    "depends_on": [
                        "local.kms_crypto_keys_passed",
                        "local.kms_key_rings_passed",
                        "local.objects_affected",
                        "local.resources_project",
                        "local.service_accounts_passed"
                    ],
                    "primary": {
                        "id": "-",
                        "attributes": {
                            "id": "-",
                            "program.#": "9",
                            "program.0": "bash",
                            "program.1": "/Users/reechar/git/terraform-network-tier/.terraform/modules/a3ceac48675b8cb453fc152274165595/scripts/create_additive_authoritative_structures.sh",
                            "program.2": "additive",
                            "program.3": "{\"roles/compute.networkUser\":[\"group:todo-db-dev@reechar.co\"]}",
                            "program.4": "[\"projects/reechar-3t-demo-xpn/regions/us-east1/subnetworks/db-tier-subnet\"]",
                            "program.5": "-1",
                            "program.6": "0",
                            "program.7": "0",
                            "program.8": "0",
                            "result.%": "1",
                            "result.data": "projects/reechar-3t-demo-xpn/regions/us-east1/subnetworks/db-tier-subnet group:todo-db-dev@reechar.co roles/compute.networkUser,"
                        },
                        "meta": {},
                        "tainted": false
                    },
                    "deposed": [],
                    "provider": "provider.external"
                },
                "google_compute_subnetwork_iam_member.subnet_iam_additive": {
                    "type": "google_compute_subnetwork_iam_member",
                    "depends_on": [
                        "local.bindings_array",
                        "local.subnets_additive_iam"
                    ],
                    "primary": {
                        "id": "projects/reechar-3t-demo-xpn/regions/us-east1/subnetworks/db-tier-subnet/roles/compute.networkUser/group:todo-db-dev@reechar.co",
                        "attributes": {
                            "etag": "BwV9ejc8wFU=",
                            "id": "projects/reechar-3t-demo-xpn/regions/us-east1/subnetworks/db-tier-subnet/roles/compute.networkUser/group:todo-db-dev@reechar.co",
                            "member": "group:todo-db-dev@reechar.co",
                            "project": "reechar-3t-demo-xpn",
                            "region": "us-east1",
                            "role": "roles/compute.networkUser",
                            "subnetwork": "db-tier-subnet"
                        },
                        "meta": {},
                        "tainted": false
                    },
                    "deposed": [],
                    "provider": "provider.google"
                }
            },
            "depends_on": []
        },
        {
            "path": [
                "root",
                "todo_project_iam_bindings"
            ],
            "outputs": {},
            "resources": {
                "data.external.additive_bindings_temp_struct": {
                    "type": "external",
                    "depends_on": [
                        "local.kms_crypto_keys_passed",
                        "local.kms_key_rings_passed",
                        "local.objects_affected",
                        "local.resources_project",
                        "local.service_accounts_passed"
                    ],
                    "primary": {
                        "id": "-",
                        "attributes": {
                            "id": "-",
                            "program.#": "9",
                            "program.0": "bash",
                            "program.1": "/Users/reechar/git/terraform-network-tier/.terraform/modules/7bcd3fb9b0dc9824b1dd3fade4673802/scripts/create_additive_authoritative_structures.sh",
                            "program.2": "additive",
                            "program.3": "{\"roles/compute.instanceAdmin.v1\":[\"group:todo-eng@reechar.co\"],\"roles/viewer\":[\"group:todo-eng@reechar.co\"]}",
                            "program.4": "[\"reechar-3t-demo-todo\"]",
                            "program.5": "-1",
                            "program.6": "0",
                            "program.7": "0",
                            "program.8": "0",
                            "result.%": "1",
                            "result.data": "reechar-3t-demo-todo group:todo-eng@reechar.co roles/viewer,reechar-3t-demo-todo group:todo-eng@reechar.co roles/compute.instanceAdmin.v1,"
                        },
                        "meta": {},
                        "tainted": false
                    },
                    "deposed": [],
                    "provider": "provider.external"
                },
                "google_project_iam_member.project_iam_additive.0": {
                    "type": "google_project_iam_member",
                    "depends_on": [
                        "local.bindings_array",
                        "local.projects_additive_iam"
                    ],
                    "primary": {
                        "id": "reechar-3t-demo-todo/roles/viewer/group:todo-eng@reechar.co",
                        "attributes": {
                            "etag": "BwV9iqzHe7Y=",
                            "id": "reechar-3t-demo-todo/roles/viewer/group:todo-eng@reechar.co",
                            "member": "group:todo-eng@reechar.co",
                            "project": "reechar-3t-demo-todo",
                            "role": "roles/viewer"
                        },
                        "meta": {},
                        "tainted": false
                    },
                    "deposed": [],
                    "provider": "provider.google"
                },
                "google_project_iam_member.project_iam_additive.1": {
                    "type": "google_project_iam_member",
                    "depends_on": [
                        "local.bindings_array",
                        "local.projects_additive_iam"
                    ],
                    "primary": {
                        "id": "reechar-3t-demo-todo/roles/compute.instanceAdmin.v1/group:todo-eng@reechar.co",
                        "attributes": {
                            "etag": "BwV+kbFdfLc=",
                            "id": "reechar-3t-demo-todo/roles/compute.instanceAdmin.v1/group:todo-eng@reechar.co",
                            "member": "group:todo-eng@reechar.co",
                            "project": "reechar-3t-demo-todo",
                            "role": "roles/compute.instanceAdmin.v1"
                        },
                        "meta": {},
                        "tainted": false
                    },
                    "deposed": [],
                    "provider": "provider.google"
                }
            },
            "depends_on": []
        },
        {
            "path": [
                "root",
                "todo_web_sa_iam_binding"
            ],
            "outputs": {},
            "resources": {
                "data.external.additive_bindings_temp_struct": {
                    "type": "external",
                    "depends_on": [
                        "local.kms_crypto_keys_passed",
                        "local.kms_key_rings_passed",
                        "local.objects_affected",
                        "local.resources_project",
                        "local.service_accounts_passed"
                    ],
                    "primary": {
                        "id": "-",
                        "attributes": {
                            "id": "-",
                            "program.#": "9",
                            "program.0": "bash",
                            "program.1": "/Users/reechar/git/terraform-network-tier/.terraform/modules/774af8f5df8322881bad0d635779cb0c/scripts/create_additive_authoritative_structures.sh",
                            "program.2": "additive",
                            "program.3": "{\"roles/iam.serviceAccountUser\":[\"group:todo-web-dev@reechar.co\"]}",
                            "program.4": "[\"todo-web@reechar-3t-demo-todo.iam.gserviceaccount.com\"]",
                            "program.5": "reechar-3t-demo-todo",
                            "program.6": "1",
                            "program.7": "0",
                            "program.8": "0",
                            "result.%": "1",
                            "result.data": "projects/reechar-3t-demo-todo/serviceAccounts/todo-web@reechar-3t-demo-todo.iam.gserviceaccount.com group:todo-web-dev@reechar.co roles/iam.serviceAccountUser,"
                        },
                        "meta": {},
                        "tainted": false
                    },
                    "deposed": [],
                    "provider": "provider.external"
                },
                "google_service_account_iam_member.service_account_iam_additive": {
                    "type": "google_service_account_iam_member",
                    "depends_on": [
                        "local.bindings_array",
                        "local.service_accounts_additive_iam"
                    ],
                    "primary": {
                        "id": "projects/reechar-3t-demo-todo/serviceAccounts/todo-web@reechar-3t-demo-todo.iam.gserviceaccount.com/roles/iam.serviceAccountUser/group:todo-web-dev@reechar.co",
                        "attributes": {
                            "etag": "BwV9ejc54SQ=",
                            "id": "projects/reechar-3t-demo-todo/serviceAccounts/todo-web@reechar-3t-demo-todo.iam.gserviceaccount.com/roles/iam.serviceAccountUser/group:todo-web-dev@reechar.co",
                            "member": "group:todo-web-dev@reechar.co",
                            "role": "roles/iam.serviceAccountUser",
                            "service_account_id": "projects/reechar-3t-demo-todo/serviceAccounts/todo-web@reechar-3t-demo-todo.iam.gserviceaccount.com"
                        },
                        "meta": {},
                        "tainted": false
                    },
                    "deposed": [],
                    "provider": "provider.google"
                }
            },
            "depends_on": []
        },
        {
            "path": [
                "root",
                "todo_web_subnet_iam_binding"
            ],
            "outputs": {},
            "resources": {
                "data.external.additive_bindings_temp_struct": {
                    "type": "external",
                    "depends_on": [
                        "local.kms_crypto_keys_passed",
                        "local.kms_key_rings_passed",
                        "local.objects_affected",
                        "local.resources_project",
                        "local.service_accounts_passed"
                    ],
                    "primary": {
                        "id": "-",
                        "attributes": {
                            "id": "-",
                            "program.#": "9",
                            "program.0": "bash",
                            "program.1": "/Users/reechar/git/terraform-network-tier/.terraform/modules/d6b14110f2e559756f2c127fadf7cf65/scripts/create_additive_authoritative_structures.sh",
                            "program.2": "additive",
                            "program.3": "{\"roles/compute.networkUser\":[\"group:todo-web-dev@reechar.co\"]}",
                            "program.4": "[\"projects/reechar-3t-demo-xpn/regions/us-east1/subnetworks/web-tier-subnet\"]",
                            "program.5": "-1",
                            "program.6": "0",
                            "program.7": "0",
                            "program.8": "0",
                            "result.%": "1",
                            "result.data": "projects/reechar-3t-demo-xpn/regions/us-east1/subnetworks/web-tier-subnet group:todo-web-dev@reechar.co roles/compute.networkUser,"
                        },
                        "meta": {},
                        "tainted": false
                    },
                    "deposed": [],
                    "provider": "provider.external"
                },
                "google_compute_subnetwork_iam_member.subnet_iam_additive": {
                    "type": "google_compute_subnetwork_iam_member",
                    "depends_on": [
                        "local.bindings_array",
                        "local.subnets_additive_iam"
                    ],
                    "primary": {
                        "id": "projects/reechar-3t-demo-xpn/regions/us-east1/subnetworks/web-tier-subnet/roles/compute.networkUser/group:todo-web-dev@reechar.co",
                        "attributes": {
                            "etag": "BwV9ejc8wAE=",
                            "id": "projects/reechar-3t-demo-xpn/regions/us-east1/subnetworks/web-tier-subnet/roles/compute.networkUser/group:todo-web-dev@reechar.co",
                            "member": "group:todo-web-dev@reechar.co",
                            "project": "reechar-3t-demo-xpn",
                            "region": "us-east1",
                            "role": "roles/compute.networkUser",
                            "subnetwork": "web-tier-subnet"
                        },
                        "meta": {},
                        "tainted": false
                    },
                    "deposed": [],
                    "provider": "provider.google"
                }
            },
            "depends_on": []
        }
    ]
}
